{
  "originHash" : "cea5ad1b3e4326cfecd884c67b4e8a4fb1fc5351febbc96f132c4976c5531c33",
  "pins" : [
    {
      "identity" : "capacitor-swift-pm",
      "kind" : "remoteSourceControl",
      "location" : "https://github.com/ionic-team/capacitor-swift-pm.git",
      "state" : {
        "revision" : "3e7ccfb8ab4d321ffcbd4e490234758e139f8a09",
        "version" : "8.0.1"
      }
    },
    {
      "identity" : "purchases-hybrid-common",
      "kind" : "remoteSourceControl",
      "location" : "https://github.com/RevenueCat/purchases-hybrid-common.git",
      "state" : {
        "revision" : "791b109cf27edb2dd89b4a9a39c6232082ded030",
        "version" : "18.1.0"
      }
    },
    {
      "identity" : "purchases-ios-spm",
      "kind" : "remoteSourceControl",
      "location" : "https://github.com/RevenueCat/purchases-ios-spm",
      "state" : {
        "revision" : "bd63241b2258ea519020eb32a349db44fb44b119",
        "version" : "5.68.0"
      }
    }
  ],
  "version" : 3
}
